
Microsoft Visual Studio Solution File, Format Version 12.00
# Visual Studio 15
Project("{FAE04EC0-301F-11D3-BF4B-00C04F79EFBC}") = "fps.Gameplay", "fps.Gameplay.csproj", "{744F515F-348C-FB2A-5C09-4036FF1F7C30}"
EndProject
Project("{FAE04EC0-301F-11D3-BF4B-00C04F79EFBC}") = "fps.UI", "fps.UI.csproj", "{6994D09F-69E6-895D-90D3-DDEB7AEC50DD}"
EndProject
Project("{FAE04EC0-301F-11D3-BF4B-00C04F79EFBC}") = "fps.Game", "fps.Game.csproj", "{8AA74D10-AD64-78D4-9D12-B7337E86FC64}"
EndProject
Project("{FAE04EC0-301F-11D3-BF4B-00C04F79EFBC}") = "Unity.FPS.Tutorials", "Unity.FPS.Tutorials.csproj", "{DE0546D6-468B-AC9C-E788-060CC87E8057}"
EndProject
Project("{FAE04EC0-301F-11D3-BF4B-00C04F79EFBC}") = "NavMeshComponents", "NavMeshComponents.csproj", "{17F4227B-5AE0-4E95-F09F-BD23CDF71A55}"
EndProject
Project("{FAE04EC0-301F-11D3-BF4B-00C04F79EFBC}") = "fps.AI", "fps.AI.csproj", "{418BC044-9237-E0BA-7C7F-D88ED3649F34}"
EndProject
Project("{FAE04EC0-301F-11D3-BF4B-00C04F79EFBC}") = "Assembly-CSharp", "Assembly-CSharp.csproj", "{45FF6C24-AC7B-D8C0-82D4-D5FE7B04AFA5}"
EndProject
Project("{FAE04EC0-301F-11D3-BF4B-00C04F79EFBC}") = "NavMeshComponentsEditor", "NavMeshComponentsEditor.csproj", "{E53260FD-439D-DE1D-B1F4-2E6654494325}"
EndProject
Project("{FAE04EC0-301F-11D3-BF4B-00C04F79EFBC}") = "Unity.Microgame.Tutorials", "Unity.Microgame.Tutorials.csproj", "{AD7A1D19-6168-432D-2C8C-89EB41BC2C62}"
EndProject
Project("{FAE04EC0-301F-11D3-BF4B-00C04F79EFBC}") = "fps.Editor", "fps.Editor.csproj", "{33BE8909-0B1B-ED87-47D1-C3EF0AD3FF97}"
EndProject
Global
	GlobalSection(SolutionConfigurationPlatforms) = preSolution
		Debug|Any CPU = Debug|Any CPU
		Release|Any CPU = Release|Any CPU
	EndGlobalSection
	GlobalSection(ProjectConfigurationPlatforms) = postSolution
		{744F515F-348C-FB2A-5C09-4036FF1F7C30}.Debug|Any CPU.ActiveCfg = Debug|Any CPU
		{744F515F-348C-FB2A-5C09-4036FF1F7C30}.Debug|Any CPU.Build.0 = Debug|Any CPU
		{744F515F-348C-FB2A-5C09-4036FF1F7C30}.Release|Any CPU.ActiveCfg = Release|Any CPU
		{744F515F-348C-FB2A-5C09-4036FF1F7C30}.Release|Any CPU.Build.0 = Release|Any CPU
		{6994D09F-69E6-895D-90D3-DDEB7AEC50DD}.Debug|Any CPU.ActiveCfg = Debug|Any CPU
		{6994D09F-69E6-895D-90D3-DDEB7AEC50DD}.Debug|Any CPU.Build.0 = Debug|Any CPU
		{6994D09F-69E6-895D-90D3-DDEB7AEC50DD}.Release|Any CPU.ActiveCfg = Release|Any CPU
		{6994D09F-69E6-895D-90D3-DDEB7AEC50DD}.Release|Any CPU.Build.0 = Release|Any CPU
		{8AA74D10-AD64-78D4-9D12-B7337E86FC64}.Debug|Any CPU.ActiveCfg = Debug|Any CPU
		{8AA74D10-AD64-78D4-9D12-B7337E86FC64}.Debug|Any CPU.Build.0 = Debug|Any CPU
		{8AA74D10-AD64-78D4-9D12-B7337E86FC64}.Release|Any CPU.ActiveCfg = Release|Any CPU
		{8AA74D10-AD64-78D4-9D12-B7337E86FC64}.Release|Any CPU.Build.0 = Release|Any CPU
		{DE0546D6-468B-AC9C-E788-060CC87E8057}.Debug|Any CPU.ActiveCfg = Debug|Any CPU
		{DE0546D6-468B-AC9C-E788-060CC87E8057}.Debug|Any CPU.Build.0 = Debug|Any CPU
		{DE0546D6-468B-AC9C-E788-060CC87E8057}.Release|Any CPU.ActiveCfg = Release|Any CPU
		{DE0546D6-468B-AC9C-E788-060CC87E8057}.Release|Any CPU.Build.0 = Release|Any CPU
		{17F4227B-5AE0-4E95-F09F-BD23CDF71A55}.Debug|Any CPU.ActiveCfg = Debug|Any CPU
		{17F4227B-5AE0-4E95-F09F-BD23CDF71A55}.Debug|Any CPU.Build.0 = Debug|Any CPU
		{17F4227B-5AE0-4E95-F09F-BD23CDF71A55}.Release|Any CPU.ActiveCfg = Release|Any CPU
		{17F4227B-5AE0-4E95-F09F-BD23CDF71A55}.Release|Any CPU.Build.0 = Release|Any CPU
		{418BC044-9237-E0BA-7C7F-D88ED3649F34}.Debug|Any CPU.ActiveCfg = Debug|Any CPU
		{418BC044-9237-E0BA-7C7F-D88ED3649F34}.Debug|Any CPU.Build.0 = Debug|Any CPU
		{418BC044-9237-E0BA-7C7F-D88ED3649F34}.Release|Any CPU.ActiveCfg = Release|Any CPU
		{418BC044-9237-E0BA-7C7F-D88ED3649F34}.Release|Any CPU.Build.0 = Release|Any CPU
		{45FF6C24-AC7B-D8C0-82D4-D5FE7B04AFA5}.Debug|Any CPU.ActiveCfg = Debug|Any CPU
		{45FF6C24-AC7B-D8C0-82D4-D5FE7B04AFA5}.Debug|Any CPU.Build.0 = Debug|Any CPU
		{45FF6C24-AC7B-D8C0-82D4-D5FE7B04AFA5}.Release|Any CPU.ActiveCfg = Release|Any CPU
		{45FF6C24-AC7B-D8C0-82D4-D5FE7B04AFA5}.Release|Any CPU.Build.0 = Release|Any CPU
		{E53260FD-439D-DE1D-B1F4-2E6654494325}.Debug|Any CPU.ActiveCfg = Debug|Any CPU
		{E53260FD-439D-DE1D-B1F4-2E6654494325}.Debug|Any CPU.Build.0 = Debug|Any CPU
		{E53260FD-439D-DE1D-B1F4-2E6654494325}.Release|Any CPU.ActiveCfg = Release|Any CPU
		{E53260FD-439D-DE1D-B1F4-2E6654494325}.Release|Any CPU.Build.0 = Release|Any CPU
		{AD7A1D19-6168-432D-2C8C-89EB41BC2C62}.Debug|Any CPU.ActiveCfg = Debug|Any CPU
		{AD7A1D19-6168-432D-2C8C-89EB41BC2C62}.Debug|Any CPU.Build.0 = Debug|Any CPU
		{AD7A1D19-6168-432D-2C8C-89EB41BC2C62}.Release|Any CPU.ActiveCfg = Release|Any CPU
		{AD7A1D19-6168-432D-2C8C-89EB41BC2C62}.Release|Any CPU.Build.0 = Release|Any CPU
		{33BE8909-0B1B-ED87-47D1-C3EF0AD3FF97}.Debug|Any CPU.ActiveCfg = Debug|Any CPU
		{33BE8909-0B1B-ED87-47D1-C3EF0AD3FF97}.Debug|Any CPU.Build.0 = Debug|Any CPU
		{33BE8909-0B1B-ED87-47D1-C3EF0AD3FF97}.Release|Any CPU.ActiveCfg = Release|Any CPU
		{33BE8909-0B1B-ED87-47D1-C3EF0AD3FF97}.Release|Any CPU.Build.0 = Release|Any CPU
	EndGlobalSection
	GlobalSection(SolutionProperties) = preSolution
		HideSolutionNode = FALSE
	EndGlobalSection
EndGlobal
